
Microsoft Visual Studio Solution File, Format Version 12.00
# Visual Studio Version 16
VisualStudioVersion = 16.0.29911.84
MinimumVisualStudioVersion = 10.0.40219.1
Project("{9A19103F-16F7-4668-BE54-9A1E7A4F7556}") = "IncludeStudio.Util.Radar", "IncludeStudio.Util.Radar\IncludeStudio.Util.Radar.csproj", "{EBC02EDA-3EB9-471A-A139-B4D0954B8A8D}"
EndProject
Project("{9A19103F-16F7-4668-BE54-9A1E7A4F7556}") = "IncludeStudio.Util.Domain", "IncludeStudio.Util.Domain\IncludeStudio.Util.Domain.csproj", "{FEE3DDEA-4BBE-4FCA-83BF-A4229088B30A}"
EndProject
Project("{FAE04EC0-301F-11D3-BF4B-00C04F79EFBC}") = "IncludeStudio.Util.Execute", "IncludeStudio.Util.Execute\IncludeStudio.Util.Execute.csproj", "{3CA26715-5B9A-4919-B883-B37B692CE650}"
EndProject
Project("{FAE04EC0-301F-11D3-BF4B-00C04F79EFBC}") = "IncludeStudio.Util.Tests", "IncludeStudio.Util.RadarTests\IncludeStudio.Util.Tests.csproj", "{9CE5F296-8051-4073-A9CA-6F0156CA635A}"
EndProject
Global
	GlobalSection(SolutionConfigurationPlatforms) = preSolution
		Debug|Any CPU = Debug|Any CPU
		Release|Any CPU = Release|Any CPU
	EndGlobalSection
	GlobalSection(ProjectConfigurationPlatforms) = postSolution
		{EBC02EDA-3EB9-471A-A139-B4D0954B8A8D}.Debug|Any CPU.ActiveCfg = Debug|Any CPU
		{EBC02EDA-3EB9-471A-A139-B4D0954B8A8D}.Debug|Any CPU.Build.0 = Debug|Any CPU
		{EBC02EDA-3EB9-471A-A139-B4D0954B8A8D}.Release|Any CPU.ActiveCfg = Release|Any CPU
		{EBC02EDA-3EB9-471A-A139-B4D0954B8A8D}.Release|Any CPU.Build.0 = Release|Any CPU
		{FEE3DDEA-4BBE-4FCA-83BF-A4229088B30A}.Debug|Any CPU.ActiveCfg = Debug|Any CPU
		{FEE3DDEA-4BBE-4FCA-83BF-A4229088B30A}.Debug|Any CPU.Build.0 = Debug|Any CPU
		{FEE3DDEA-4BBE-4FCA-83BF-A4229088B30A}.Release|Any CPU.ActiveCfg = Release|Any CPU
		{FEE3DDEA-4BBE-4FCA-83BF-A4229088B30A}.Release|Any CPU.Build.0 = Release|Any CPU
		{3CA26715-5B9A-4919-B883-B37B692CE650}.Debug|Any CPU.ActiveCfg = Debug|Any CPU
		{3CA26715-5B9A-4919-B883-B37B692CE650}.Debug|Any CPU.Build.0 = Debug|Any CPU
		{3CA26715-5B9A-4919-B883-B37B692CE650}.Release|Any CPU.ActiveCfg = Release|Any CPU
		{3CA26715-5B9A-4919-B883-B37B692CE650}.Release|Any CPU.Build.0 = Release|Any CPU
		{9CE5F296-8051-4073-A9CA-6F0156CA635A}.Debug|Any CPU.ActiveCfg = Debug|Any CPU
		{9CE5F296-8051-4073-A9CA-6F0156CA635A}.Debug|Any CPU.Build.0 = Debug|Any CPU
		{9CE5F296-8051-4073-A9CA-6F0156CA635A}.Release|Any CPU.ActiveCfg = Release|Any CPU
		{9CE5F296-8051-4073-A9CA-6F0156CA635A}.Release|Any CPU.Build.0 = Release|Any CPU
	EndGlobalSection
	GlobalSection(SolutionProperties) = preSolution
		HideSolutionNode = FALSE
	EndGlobalSection
	GlobalSection(ExtensibilityGlobals) = postSolution
		SolutionGuid = {D49B5C30-97DE-4517-A335-D7369B52C66A}
	EndGlobalSection
EndGlobal
